
Microsoft Visual Studio Solution File, Format Version 12.00
# Visual Studio 15
VisualStudioVersion = 15.0.28307.136
MinimumVisualStudioVersion = 10.0.40219.1
Project("{FAE04EC0-301F-11D3-BF4B-00C04F79EFBC}") = "tsrc", "tsrc.csproj", "{132B0D50-E955-481D-8B14-71EA2D43DC3F}"
EndProject
Project("{2150E333-8FDC-42A3-9474-1A3956D46DE8}") = "Solution Items", "Solution Items", "{8CCD2834-522A-4BC6-AEB0-3523DB669971}"
	ProjectSection(SolutionItems) = preProject
		.gitignore = .gitignore
	EndProjectSection
EndProject
Global
	GlobalSection(SolutionConfigurationPlatforms) = preSolution
		Debug|x86 = Debug|x86
		Release|x86 = Release|x86
	EndGlobalSection
	GlobalSection(ProjectConfigurationPlatforms) = postSolution
		{132B0D50-E955-481D-8B14-71EA2D43DC3F}.Debug|x86.ActiveCfg = Debug|x86
		{132B0D50-E955-481D-8B14-71EA2D43DC3F}.Debug|x86.Build.0 = Debug|x86
		{132B0D50-E955-481D-8B14-71EA2D43DC3F}.Release|x86.ActiveCfg = Release|x86
		{132B0D50-E955-481D-8B14-71EA2D43DC3F}.Release|x86.Build.0 = Release|x86
	EndGlobalSection
	GlobalSection(SolutionProperties) = preSolution
		HideSolutionNode = FALSE
	EndGlobalSection
	GlobalSection(ExtensibilityGlobals) = postSolution
		SolutionGuid = {23C4C3CC-AD35-4B6E-9919-102618D93215}
	EndGlobalSection
EndGlobal
